{
  "name": "vue-in-express-poc",
  "version": "1.0.0",
  "lockfileVersion": 2,
  "requires": true,
  "packages": {
    "": {
      "name": "vue-in-express-poc",
      "version": "1.0.0",
      "license": "MIT",
      "dependencies": {
        "@vue/reactivity": "^3.2.11",
        "@vue/runtime-core": "^3.2.11"
      }
    },
    "node_modules/@vue/reactivity": {
      "version": "3.2.11",
      "resolved": "https://registry.npmjs.org/@vue/reactivity/-/reactivity-3.2.11.tgz",
      "integrity": "sha512-hEQstxPQbgGZq5qApzrvbDmRdK1KP96O/j4XrwT8fVkT1ytkFs4fH2xNEh9QKwXfybbQkLs77W7OfXCv5o6qbA==",
      "dependencies": {
        "@vue/shared": "3.2.11"
      }
    },
    "node_modules/@vue/runtime-core": {
      "version": "3.2.11",
      "resolved": "https://registry.npmjs.org/@vue/runtime-core/-/runtime-core-3.2.11.tgz",
      "integrity": "sha512-horlxjWwSvModC87WdsWswzzHE5IexmKkQA65S5vFgP5hLUBW+HRyScDeuB/RRcFmqnf+ozacNCfap0kqcpODw==",
      "dependencies": {
        "@vue/reactivity": "3.2.11",
        "@vue/shared": "3.2.11"
      }
    },
    "node_modules/@vue/shared": {
      "version": "3.2.11",
      "resolved": "https://registry.npmjs.org/@vue/shared/-/shared-3.2.11.tgz",
      "integrity": "sha512-ovfXAsSsCvV9JVceWjkqC/7OF5HbgLOtCWjCIosmPGG8lxbPuavhIxRH1dTx4Dg9xLgRTNLvI3pVxG4ItQZekg=="
    }
  },
  "dependencies": {
    "@vue/reactivity": {
      "version": "3.2.11",
      "resolved": "https://registry.npmjs.org/@vue/reactivity/-/reactivity-3.2.11.tgz",
      "integrity": "sha512-hEQstxPQbgGZq5qApzrvbDmRdK1KP96O/j4XrwT8fVkT1ytkFs4fH2xNEh9QKwXfybbQkLs77W7OfXCv5o6qbA==",
      "requires": {
        "@vue/shared": "3.2.11"
      }
    },
    "@vue/runtime-core": {
      "version": "3.2.11",
      "resolved": "https://registry.npmjs.org/@vue/runtime-core/-/runtime-core-3.2.11.tgz",
      "integrity": "sha512-horlxjWwSvModC87WdsWswzzHE5IexmKkQA65S5vFgP5hLUBW+HRyScDeuB/RRcFmqnf+ozacNCfap0kqcpODw==",
      "requires": {
        "@vue/reactivity": "3.2.11",
        "@vue/shared": "3.2.11"
      }
    },
    "@vue/shared": {
      "version": "3.2.11",
      "resolved": "https://registry.npmjs.org/@vue/shared/-/shared-3.2.11.tgz",
      "integrity": "sha512-ovfXAsSsCvV9JVceWjkqC/7OF5HbgLOtCWjCIosmPGG8lxbPuavhIxRH1dTx4Dg9xLgRTNLvI3pVxG4ItQZekg=="
    }
  }
}
